
Microsoft Visual Studio Solution File, Format Version 12.00
# Visual Studio Version 17
VisualStudioVersion = 17.14.36616.10 d17.14
MinimumVisualStudioVersion = 10.0.40219.1
Project("{FAE04EC0-301F-11D3-BF4B-00C04F79EFBC}") = "Inventory&SalesManagement", "Inventory&SalesManagement\Inventory&SalesManagement.csproj", "{1C39129D-BCCF-4217-A336-E2CCB8CB352B}"
EndProject
Global
	GlobalSection(SolutionConfigurationPlatforms) = preSolution
		Debug|Any CPU = Debug|Any CPU
		Release|Any CPU = Release|Any CPU
	EndGlobalSection
	GlobalSection(ProjectConfigurationPlatforms) = postSolution
		{1C39129D-BCCF-4217-A336-E2CCB8CB352B}.Debug|Any CPU.ActiveCfg = Debug|Any CPU
		{1C39129D-BCCF-4217-A336-E2CCB8CB352B}.Debug|Any CPU.Build.0 = Debug|Any CPU
		{1C39129D-BCCF-4217-A336-E2CCB8CB352B}.Release|Any CPU.ActiveCfg = Release|Any CPU
		{1C39129D-BCCF-4217-A336-E2CCB8CB352B}.Release|Any CPU.Build.0 = Release|Any CPU
	EndGlobalSection
	GlobalSection(SolutionProperties) = preSolution
		HideSolutionNode = FALSE
	EndGlobalSection
	GlobalSection(ExtensibilityGlobals) = postSolution
		SolutionGuid = {CD71AB2A-5BE6-4C56-A1B5-D1644DA96F8C}
	EndGlobalSection
EndGlobal
